github.com/AlekSi/pointer v1.2.0 h1:glcy/gc4h8HnG2Z3ZECSzZ1IX1x2JxRVuDzaJwQE0+w=
github.com/AlekSi/pointer v1.2.0/go.mod h1:gZGfd3dpW4vEc/UlyfKKi1roIqcCgwOIvb0tSNSBle0=
github.com/davecgh/go-spew v1.1.0/go.mod h1:J7Y8YcW2NihsgmVo/mv3lAwl/skON4iLHjSsI+c5H38=
github.com/davecgh/go-spew v1.1.1 h1:vj9j/u1bqnvCEfJOwUhtlOARqs3+rkHYY13jYWTU97c=
github.com/davecgh/go-spew v1.1.1/go.mod h1:J7Y8YcW2NihsgmVo/mv3lAwl/skON4iLHjSsI+c5H38=
github.com/kr/pretty v0.2.0 h1:s5hAObm+yFO5uHYt5dYjxi2rXrsnmRpJx4OYvIWUaQs=
github.com/kr/pretty v0.2.0/go.mod h1:ipq/a2n7PKx3OHsz4KJII5eveXtPO4qwEXGdVfWzfnI=
github.com/kr/pty v1.1.1/go.mod h1:pFQYn66WHrOpPYNljwOMqo10TkYh1fy3cYio2l3bCsQ=
github.com/kr/text v0.1.0 h1:45sCR5RtlFHMR4UwH9sdQ5TC8v0qDQCHnXt+kaKSTVE=
github.com/kr/text v0.1.0/go.mod h1:4Jbv+DJW3UT/LiOwJeYQe1efqtUx/iVham/4vfdArNI=
github.com/mohae/deepcopy v0.0.0-20170929034955-c48cc78d4826 h1:RWengNIwukTxcDr9M+97sNutRR1RKhG96O6jWumTTnw=
github.com/mohae/deepcopy v0.0.0-20170929034955-c48cc78d4826/go.mod h1:TaXosZuwdSHYgviHp1DAtfrULt5eUgsSMsZf+YrPgl8=
github.com/muir/commonerrors v0.0.2 h1:vT/rSpbvv1jCRW2FIJUq1+WgwrDLJT/SdRwDXIFGGYg=
github.com/muir/commonerrors v0.0.2/go.mod h1:y/SeHiWvyBd87GUg3HsojnHETMvm2lF3GrXmTq46FnU=
github.com/muir/nflex v0.1.6 h1:VMrRW8GyitlDak8Anq2VpRJqsocdO25Z01EtENxuvSQ=
github.com/muir/nflex v0.1.6/go.mod h1:i02aECygUFKTN0lsjae9mPWFJFASt+KnpWd0kCSIhVk=
github.com/muir/nject v0.6.2 h1:e+yangD4vUnb8jlxKljeZVq5i6limTppOgJEWsyJ3TY=
github.com/muir/nject v0.6.2/go.mod h1:kOa7nnqqV0tbg2tylEyZ0xtEl4tfC25wow7efbnba+M=
github.com/muir/reflectutils v0.5.0/go.mod h1:l8W7iTj6zMdmsWcPfsdnaAYLEuipJ7baVROqpfuonIc=
github.com/muir/reflectutils v0.6.0 h1:jXfbW60Nx+STn78vwUWVCUwInXkqAC5kWS5oeY/xPgM=
github.com/muir/reflectutils v0.6.0/go.mod h1:l8W7iTj6zMdmsWcPfsdnaAYLEuipJ7baVROqpfuonIc=
github.com/pkg/errors v0.9.1 h1:FEBLx1zS214owpjy7qsBeixbURkuhQAwrK5UwLGTwt4=
github.com/pkg/errors v0.9.1/go.mod h1:bwawxfHBFNV+L2hUp1rHADufV3IMtnDRdf1r5NINEl0=
github.com/pmezard/go-difflib v1.0.0 h1:4DBwDE0NGyQoBHbLQYPwSUPoCMWR5BEzIk/f1lZbAQM=
github.com/pmezard/go-difflib v1.0.0/go.mod h1:iKH77koFhYxTK1pcRnkKkqfTogsbg7gZNVY4sRDYZ/4=
github.com/stretchr/objx v0.1.0/go.mod h1:HFkY916IF+rwdDfMAkV7OtwuqBVzrE8GR6GFx+wExME=
github.com/stretchr/testify v1.7.0/go.mod h1:6Fq8oRcR53rry900zMqJjRRixrwX3KX962/h/Wwjteg=
github.com/stretchr/testify v1.7.1 h1:5TQK59W5E3v0r2duFAb7P95B6hEeOyEnHRa8MjYSMTY=
github.com/stretchr/testify v1.7.1/go.mod h1:6Fq8oRcR53rry900zMqJjRRixrwX3KX962/h/Wwjteg=
github.com/valyala/fastjson v1.6.3 h1:tAKFnnwmeMGPbwJ7IwxcTPCNr3uIzoIj3/Fh90ra4xc=
github.com/valyala/fastjson v1.6.3/go.mod h1:CLCAqky6SMuOcxStkYQvblddUtoRxhYMGLrsQns1aXY=
gopkg.in/check.v1 v0.0.0-20161208181325-20d25e280405/go.mod h1:Co6ibVJAznAaIkqp8huTwlJQCZ016jof/cbN4VW5Yz0=
gopkg.in/check.v1 v1.0.0-20190902080502-41f04d3bba15 h1:YR8cESwS4TdDjEe65xsg0ogRM/Nc3DYOhEAlW+xobZo=
gopkg.in/check.v1 v1.0.0-20190902080502-41f04d3bba15/go.mod h1:Co6ibVJAznAaIkqp8huTwlJQCZ016jof/cbN4VW5Yz0=
gopkg.in/yaml.v3 v3.0.0-20200313102051-9f266ea9e77c/go.mod h1:K4uyk7z7BCEPqu6E+C64Yfv1cQ7kz7rIZviUmN+EgEM=
gopkg.in/yaml.v3 v3.0.0-20210107192922-496545a6307b h1:h8qDotaEPuJATrMmW04NCwg7v22aHH28wwpauUhK9Oo=
gopkg.in/yaml.v3 v3.0.0-20210107192922-496545a6307b/go.mod h1:K4uyk7z7BCEPqu6E+C64Yfv1cQ7kz7rIZviUmN+EgEM=
